
Microsoft Visual Studio Solution File, Format Version 12.00
# Visual Studio Version 16
VisualStudioVersion = 16.0.31424.327
MinimumVisualStudioVersion = 10.0.40219.1
Project("{FAE04EC0-301F-11D3-BF4B-00C04F79EFBC}") = "CSharp", "CSharp\CSharp.csproj", "{DD6EAA73-C4FA-4DDF-ADAD-F41603F9A27A}"
EndProject
Global
	GlobalSection(SolutionConfigurationPlatforms) = preSolution
		Debug|Any CPU = Debug|Any CPU
		Release|Any CPU = Release|Any CPU
	EndGlobalSection
	GlobalSection(ProjectConfigurationPlatforms) = postSolution
		{DD6EAA73-C4FA-4DDF-ADAD-F41603F9A27A}.Debug|Any CPU.ActiveCfg = Debug|Any CPU
		{DD6EAA73-C4FA-4DDF-ADAD-F41603F9A27A}.Debug|Any CPU.Build.0 = Debug|Any CPU
		{DD6EAA73-C4FA-4DDF-ADAD-F41603F9A27A}.Release|Any CPU.ActiveCfg = Release|Any CPU
		{DD6EAA73-C4FA-4DDF-ADAD-F41603F9A27A}.Release|Any CPU.Build.0 = Release|Any CPU
	EndGlobalSection
	GlobalSection(SolutionProperties) = preSolution
		HideSolutionNode = FALSE
	EndGlobalSection
	GlobalSection(ExtensibilityGlobals) = postSolution
		SolutionGuid = {AF0B0029-2E07-4CDA-A263-CF875036DA3D}
	EndGlobalSection
EndGlobal
